
Microsoft Visual Studio Solution File, Format Version 12.00
# Visual Studio 2013
VisualStudioVersion = 12.0.30501.0
MinimumVisualStudioVersion = 10.0.40219.1
Project("{8BC9CEB8-8B4A-11D0-8D11-00A0C91BC942}") = "havroc_library", "havroc_library\havroc_library.vcxproj", "{E1A8981C-70D6-4D2A-AFE5-946FD8B0F09C}"
EndProject
Project("{8BC9CEB8-8B4A-11D0-8D11-00A0C91BC942}") = "havroc_windows", "havroc_windows\havroc_windows.vcxproj", "{50CF4EB8-398E-4538-A764-878C40B0D6DC}"
EndProject
Project("{8BC9CEB8-8B4A-11D0-8D11-00A0C91BC942}") = "havroc_tcp_client", "havroc_tcp_client\havroc_tcp_client.vcxproj", "{0C5735D3-7591-4747-A7A3-F8CE5871718C}"
EndProject
Project("{8BC9CEB8-8B4A-11D0-8D11-00A0C91BC942}") = "havroc_tcp_server", "havroc_tcp_server\havroc_tcp_server.vcxproj", "{3ED0534D-51E9-416C-8CC4-B2499BE72E4B}"
EndProject
Project("{8BC9CEB8-8B4A-11D0-8D11-00A0C91BC942}") = "havroc_udp_client", "havroc_udp_client\havroc_udp_client.vcxproj", "{EF3A7924-6F7E-41DC-ACCB-403CEC31828F}"
EndProject
Project("{8BC9CEB8-8B4A-11D0-8D11-00A0C91BC942}") = "havroc_udp_server", "havroc_udp_server\havroc_udp_server.vcxproj", "{A52F99C2-AA7E-47B0-9088-1D189FA83CB7}"
EndProject
Project("{8BC9CEB8-8B4A-11D0-8D11-00A0C91BC942}") = "havroc_udp_client_2_tcp_client", "havroc_udp_client_2_tcp_client\havroc_udp_client_2_tcp_client.vcxproj", "{CA8885BE-981F-4411-A18F-A0E055822D98}"
EndProject
Project("{8BC9CEB8-8B4A-11D0-8D11-00A0C91BC942}") = "havroc_udp_server_2_tcp_server", "havroc_udp_server_2_tcp_server\havroc_udp_server_2_tcp_server.vcxproj", "{98DD2993-4FB0-451D-A61A-88CF77E7CAB4}"
EndProject
Project("{8BC9CEB8-8B4A-11D0-8D11-00A0C91BC942}") = "havroc_command_communications", "havroc_command_communications\havroc_command_communications.vcxproj", "{EE325FF0-6ACA-48F6-A3AE-645DBBDBA712}"
EndProject
Project("{8BC9CEB8-8B4A-11D0-8D11-00A0C91BC942}") = "havroc_random_hacks", "havroc_random_hacks\havroc_random_hacks.vcxproj", "{E5D5B08E-D1ED-4F01-98D0-46E609C90F44}"
EndProject
Project("{8BC9CEB8-8B4A-11D0-8D11-00A0C91BC942}") = "havroc_library_dll", "havroc_library_dll\havroc_library_dll.vcxproj", "{C9BCE2DE-7DF4-4E56-87B1-AF2302018F0C}"
EndProject
Global
	GlobalSection(SolutionConfigurationPlatforms) = preSolution
		Debug|Win32 = Debug|Win32
		Release|Win32 = Release|Win32
	EndGlobalSection
	GlobalSection(ProjectConfigurationPlatforms) = postSolution
		{E1A8981C-70D6-4D2A-AFE5-946FD8B0F09C}.Debug|Win32.ActiveCfg = Debug|Win32
		{E1A8981C-70D6-4D2A-AFE5-946FD8B0F09C}.Debug|Win32.Build.0 = Debug|Win32
		{E1A8981C-70D6-4D2A-AFE5-946FD8B0F09C}.Release|Win32.ActiveCfg = Release|Win32
		{E1A8981C-70D6-4D2A-AFE5-946FD8B0F09C}.Release|Win32.Build.0 = Release|Win32
		{50CF4EB8-398E-4538-A764-878C40B0D6DC}.Debug|Win32.ActiveCfg = Debug|Win32
		{50CF4EB8-398E-4538-A764-878C40B0D6DC}.Debug|Win32.Build.0 = Debug|Win32
		{50CF4EB8-398E-4538-A764-878C40B0D6DC}.Release|Win32.ActiveCfg = Release|Win32
		{50CF4EB8-398E-4538-A764-878C40B0D6DC}.Release|Win32.Build.0 = Release|Win32
		{0C5735D3-7591-4747-A7A3-F8CE5871718C}.Debug|Win32.ActiveCfg = Debug|Win32
		{0C5735D3-7591-4747-A7A3-F8CE5871718C}.Debug|Win32.Build.0 = Debug|Win32
		{0C5735D3-7591-4747-A7A3-F8CE5871718C}.Release|Win32.ActiveCfg = Release|Win32
		{0C5735D3-7591-4747-A7A3-F8CE5871718C}.Release|Win32.Build.0 = Release|Win32
		{3ED0534D-51E9-416C-8CC4-B2499BE72E4B}.Debug|Win32.ActiveCfg = Debug|Win32
		{3ED0534D-51E9-416C-8CC4-B2499BE72E4B}.Debug|Win32.Build.0 = Debug|Win32
		{3ED0534D-51E9-416C-8CC4-B2499BE72E4B}.Release|Win32.ActiveCfg = Release|Win32
		{3ED0534D-51E9-416C-8CC4-B2499BE72E4B}.Release|Win32.Build.0 = Release|Win32
		{EF3A7924-6F7E-41DC-ACCB-403CEC31828F}.Debug|Win32.ActiveCfg = Debug|Win32
		{EF3A7924-6F7E-41DC-ACCB-403CEC31828F}.Debug|Win32.Build.0 = Debug|Win32
		{EF3A7924-6F7E-41DC-ACCB-403CEC31828F}.Release|Win32.ActiveCfg = Release|Win32
		{EF3A7924-6F7E-41DC-ACCB-403CEC31828F}.Release|Win32.Build.0 = Release|Win32
		{A52F99C2-AA7E-47B0-9088-1D189FA83CB7}.Debug|Win32.ActiveCfg = Debug|Win32
		{A52F99C2-AA7E-47B0-9088-1D189FA83CB7}.Debug|Win32.Build.0 = Debug|Win32
		{A52F99C2-AA7E-47B0-9088-1D189FA83CB7}.Release|Win32.ActiveCfg = Release|Win32
		{A52F99C2-AA7E-47B0-9088-1D189FA83CB7}.Release|Win32.Build.0 = Release|Win32
		{CA8885BE-981F-4411-A18F-A0E055822D98}.Debug|Win32.ActiveCfg = Debug|Win32
		{CA8885BE-981F-4411-A18F-A0E055822D98}.Debug|Win32.Build.0 = Debug|Win32
		{CA8885BE-981F-4411-A18F-A0E055822D98}.Release|Win32.ActiveCfg = Release|Win32
		{CA8885BE-981F-4411-A18F-A0E055822D98}.Release|Win32.Build.0 = Release|Win32
		{98DD2993-4FB0-451D-A61A-88CF77E7CAB4}.Debug|Win32.ActiveCfg = Debug|Win32
		{98DD2993-4FB0-451D-A61A-88CF77E7CAB4}.Debug|Win32.Build.0 = Debug|Win32
		{98DD2993-4FB0-451D-A61A-88CF77E7CAB4}.Release|Win32.ActiveCfg = Release|Win32
		{98DD2993-4FB0-451D-A61A-88CF77E7CAB4}.Release|Win32.Build.0 = Release|Win32
		{EE325FF0-6ACA-48F6-A3AE-645DBBDBA712}.Debug|Win32.ActiveCfg = Debug|Win32
		{EE325FF0-6ACA-48F6-A3AE-645DBBDBA712}.Debug|Win32.Build.0 = Debug|Win32
		{EE325FF0-6ACA-48F6-A3AE-645DBBDBA712}.Release|Win32.ActiveCfg = Release|Win32
		{EE325FF0-6ACA-48F6-A3AE-645DBBDBA712}.Release|Win32.Build.0 = Release|Win32
		{E5D5B08E-D1ED-4F01-98D0-46E609C90F44}.Debug|Win32.ActiveCfg = Debug|Win32
		{E5D5B08E-D1ED-4F01-98D0-46E609C90F44}.Debug|Win32.Build.0 = Debug|Win32
		{E5D5B08E-D1ED-4F01-98D0-46E609C90F44}.Release|Win32.ActiveCfg = Release|Win32
		{E5D5B08E-D1ED-4F01-98D0-46E609C90F44}.Release|Win32.Build.0 = Release|Win32
		{C9BCE2DE-7DF4-4E56-87B1-AF2302018F0C}.Debug|Win32.ActiveCfg = Debug|Win32
		{C9BCE2DE-7DF4-4E56-87B1-AF2302018F0C}.Debug|Win32.Build.0 = Debug|Win32
		{C9BCE2DE-7DF4-4E56-87B1-AF2302018F0C}.Release|Win32.ActiveCfg = Release|Win32
		{C9BCE2DE-7DF4-4E56-87B1-AF2302018F0C}.Release|Win32.Build.0 = Release|Win32
	EndGlobalSection
	GlobalSection(SolutionProperties) = preSolution
		HideSolutionNode = FALSE
	EndGlobalSection
EndGlobal
