
Microsoft Visual Studio Solution File, Format Version 12.00
# Visual Studio 2013
VisualStudioVersion = 12.0.30501.0
MinimumVisualStudioVersion = 10.0.40219.1
Project("{8BC9CEB8-8B4A-11D0-8D11-00A0C91BC942}") = "havroc_windows", "havroc_windows.vcxproj", "{50CF4EB8-398E-4538-A764-878C40B0D6DC}"
EndProject
Global
	GlobalSection(SolutionConfigurationPlatforms) = preSolution
		Debug|Win32 = Debug|Win32
		Release|Win32 = Release|Win32
	EndGlobalSection
	GlobalSection(ProjectConfigurationPlatforms) = postSolution
		{50CF4EB8-398E-4538-A764-878C40B0D6DC}.Debug|Win32.ActiveCfg = Debug|Win32
		{50CF4EB8-398E-4538-A764-878C40B0D6DC}.Debug|Win32.Build.0 = Debug|Win32
		{50CF4EB8-398E-4538-A764-878C40B0D6DC}.Release|Win32.ActiveCfg = Release|Win32
		{50CF4EB8-398E-4538-A764-878C40B0D6DC}.Release|Win32.Build.0 = Release|Win32
	EndGlobalSection
	GlobalSection(SolutionProperties) = preSolution
		HideSolutionNode = FALSE
	EndGlobalSection
EndGlobal
